
Microsoft Visual Studio Solution File, Format Version 12.00
# Visual Studio 2013
VisualStudioVersion = 12.0.21005.1
MinimumVisualStudioVersion = 10.0.40219.1
Project("{FAE04EC0-301F-11D3-BF4B-00C04F79EFBC}") = "Restaurant Management System", "Restaurant Management System\Restaurant Management System.csproj", "{D0DA21FB-D1E5-44B7-9314-2E6439BDC18D}"
EndProject
Global
	GlobalSection(SolutionConfigurationPlatforms) = preSolution
		Debug|Any CPU = Debug|Any CPU
		Release|Any CPU = Release|Any CPU
	EndGlobalSection
	GlobalSection(ProjectConfigurationPlatforms) = postSolution
		{D0DA21FB-D1E5-44B7-9314-2E6439BDC18D}.Debug|Any CPU.ActiveCfg = Debug|Any CPU
		{D0DA21FB-D1E5-44B7-9314-2E6439BDC18D}.Debug|Any CPU.Build.0 = Debug|Any CPU
		{D0DA21FB-D1E5-44B7-9314-2E6439BDC18D}.Release|Any CPU.ActiveCfg = Release|Any CPU
		{D0DA21FB-D1E5-44B7-9314-2E6439BDC18D}.Release|Any CPU.Build.0 = Release|Any CPU
	EndGlobalSection
	GlobalSection(SolutionProperties) = preSolution
		HideSolutionNode = FALSE
	EndGlobalSection
EndGlobal
